
Microsoft Visual Studio Solution File, Format Version 12.00
# Visual Studio 15
VisualStudioVersion = 15.0.27428.2043
MinimumVisualStudioVersion = 10.0.40219.1
Project("{FAE04EC0-301F-11D3-BF4B-00C04F79EFBC}") = "PRJ300", "PRJ300\PRJ300.csproj", "{23ACD87E-EF14-4416-9F13-943399748C62}"
EndProject
Global
	GlobalSection(SolutionConfigurationPlatforms) = preSolution
		Debug|Any CPU = Debug|Any CPU
		Release|Any CPU = Release|Any CPU
	EndGlobalSection
	GlobalSection(ProjectConfigurationPlatforms) = postSolution
		{23ACD87E-EF14-4416-9F13-943399748C62}.Debug|Any CPU.ActiveCfg = Debug|Any CPU
		{23ACD87E-EF14-4416-9F13-943399748C62}.Debug|Any CPU.Build.0 = Debug|Any CPU
		{23ACD87E-EF14-4416-9F13-943399748C62}.Release|Any CPU.ActiveCfg = Release|Any CPU
		{23ACD87E-EF14-4416-9F13-943399748C62}.Release|Any CPU.Build.0 = Release|Any CPU
	EndGlobalSection
	GlobalSection(SolutionProperties) = preSolution
		HideSolutionNode = FALSE
	EndGlobalSection
	GlobalSection(ExtensibilityGlobals) = postSolution
		SolutionGuid = {2B5DE263-FC88-435C-B807-F07AA6DD7F9D}
	EndGlobalSection
EndGlobal
